
Microsoft Visual Studio Solution File, Format Version 12.00
# Visual Studio Version 16
VisualStudioVersion = 16.0.32602.290
MinimumVisualStudioVersion = 10.0.40219.1
Project("{FAE04EC0-301F-11D3-BF4B-00C04F79EFBC}") = "T4-Superheroes", "T4-Superheroes.csproj", "{88DE324C-67D9-4976-A221-9F77FFE1E9C2}"
EndProject
Global
	GlobalSection(SolutionConfigurationPlatforms) = preSolution
		Debug|Any CPU = Debug|Any CPU
		Release|Any CPU = Release|Any CPU
	EndGlobalSection
	GlobalSection(ProjectConfigurationPlatforms) = postSolution
		{88DE324C-67D9-4976-A221-9F77FFE1E9C2}.Debug|Any CPU.ActiveCfg = Debug|Any CPU
		{88DE324C-67D9-4976-A221-9F77FFE1E9C2}.Debug|Any CPU.Build.0 = Debug|Any CPU
		{88DE324C-67D9-4976-A221-9F77FFE1E9C2}.Release|Any CPU.ActiveCfg = Release|Any CPU
		{88DE324C-67D9-4976-A221-9F77FFE1E9C2}.Release|Any CPU.Build.0 = Release|Any CPU
	EndGlobalSection
	GlobalSection(SolutionProperties) = preSolution
		HideSolutionNode = FALSE
	EndGlobalSection
	GlobalSection(ExtensibilityGlobals) = postSolution
		SolutionGuid = {1DA58B4C-21E5-4656-8A91-0737135E8728}
	EndGlobalSection
EndGlobal
